PODS:
  - Realm (3.14.0):
    - Realm/Headers (= 3.14.0)
  - Realm/Headers (3.14.0)
  - RealmSwift (3.14.0):
    - Realm (= 3.14.0)
  - SnapKit (4.0.1)

DEPENDENCIES:
  - RealmSwift
  - SnapKit (~> 4.0.0)

SPEC REPOS:
  https://github.com/cocoapods/specs.git:
    - Realm
    - RealmSwift
    - SnapKit

SPEC CHECKSUMS:
  Realm: 221b25919bb5a010a3c597d707f8df3492dcd93a
  RealmSwift: 28f22dfa6a27b9a778cfb09471558b6afcf1022c
  SnapKit: 0de968a9fec17499afa29683b05d0c775b6d1c29

PODFILE CHECKSUM: d4092e687cf241bbd2d020277a8d13af4bfd6965

COCOAPODS: 1.6.1
